
Microsoft Visual Studio Solution File, Format Version 12.00
# Visual Studio Version 16
VisualStudioVersion = 16.0.30503.244
MinimumVisualStudioVersion = 10.0.40219.1
Project("{9A19103F-16F7-4668-BE54-9A1E7A4F7556}") = "blazorControlPanel", "blazorControlPanel.csproj", "{290A05A0-0125-4A86-9F7F-9B28B462C402}"
EndProject
Global
	GlobalSection(SolutionConfigurationPlatforms) = preSolution
		Debug|Any CPU = Debug|Any CPU
		Release|Any CPU = Release|Any CPU
	EndGlobalSection
	GlobalSection(ProjectConfigurationPlatforms) = postSolution
		{290A05A0-0125-4A86-9F7F-9B28B462C402}.Debug|Any CPU.ActiveCfg = Debug|Any CPU
		{290A05A0-0125-4A86-9F7F-9B28B462C402}.Debug|Any CPU.Build.0 = Debug|Any CPU
		{290A05A0-0125-4A86-9F7F-9B28B462C402}.Release|Any CPU.ActiveCfg = Release|Any CPU
		{290A05A0-0125-4A86-9F7F-9B28B462C402}.Release|Any CPU.Build.0 = Release|Any CPU
	EndGlobalSection
	GlobalSection(SolutionProperties) = preSolution
		HideSolutionNode = FALSE
	EndGlobalSection
	GlobalSection(ExtensibilityGlobals) = postSolution
		SolutionGuid = {5057C566-975D-4290-8EFE-94F1F037B470}
	EndGlobalSection
EndGlobal
